
Microsoft Visual Studio Solution File, Format Version 12.00
# Visual Studio Version 16
VisualStudioVersion = 16.0.30717.126
MinimumVisualStudioVersion = 10.0.40219.1
Project("{FAE04EC0-301F-11D3-BF4B-00C04F79EFBC}") = "BitCoinCalculator", "BitCoinCalculator\BitCoinCalculator.csproj", "{8E96DC0F-2B54-4A68-A4E6-E063454F832B}"
EndProject
Global
	GlobalSection(SolutionConfigurationPlatforms) = preSolution
		Debug|Any CPU = Debug|Any CPU
		Release|Any CPU = Release|Any CPU
	EndGlobalSection
	GlobalSection(ProjectConfigurationPlatforms) = postSolution
		{8E96DC0F-2B54-4A68-A4E6-E063454F832B}.Debug|Any CPU.ActiveCfg = Debug|Any CPU
		{8E96DC0F-2B54-4A68-A4E6-E063454F832B}.Debug|Any CPU.Build.0 = Debug|Any CPU
		{8E96DC0F-2B54-4A68-A4E6-E063454F832B}.Release|Any CPU.ActiveCfg = Release|Any CPU
		{8E96DC0F-2B54-4A68-A4E6-E063454F832B}.Release|Any CPU.Build.0 = Release|Any CPU
	EndGlobalSection
	GlobalSection(SolutionProperties) = preSolution
		HideSolutionNode = FALSE
	EndGlobalSection
	GlobalSection(ExtensibilityGlobals) = postSolution
		SolutionGuid = {20FBA13C-05AB-4488-9952-2DEC0C1E7117}
	EndGlobalSection
EndGlobal
